{
    "name": "@weaverkit/logger",
    "version": "0.0.13",
    "lockfileVersion": 2,
    "requires": true,
    "packages": {
        "": {
            "name": "@weaverkit/logger",
            "version": "0.0.13",
            "license": "MIT",
            "dependencies": {
                "@types/cls-hooked": "^4.3.3",
                "@weaverkit/utils": "^0.0.13",
                "cls-hooked": "^4.2.2",
                "winston": "^3.8.1",
                "winston-daily-rotate-file": "^4.7.1"
            },
            "devDependencies": {
                "typescript": "4.7.2"
            },
            "engines": {
                "node": ">=12"
            }
        },
        "node_modules/@colors/colors": {
            "version": "1.5.0",
            "resolved": "https://registry.npmjs.org/@colors/colors/-/colors-1.5.0.tgz",
            "integrity": "sha512-ooWCrlZP11i8GImSjTHYHLkvFDP48nS4+204nGb1RiX/WXYHmJA2III9/e2DWVabCESdW7hBAEzHRqUn9OUVvQ==",
            "engines": {
                "node": ">=0.1.90"
            }
        },
        "node_modules/@dabh/diagnostics": {
            "version": "2.0.2",
            "resolved": "https://registry.npmjs.org/@dabh/diagnostics/-/diagnostics-2.0.2.tgz",
            "integrity": "sha512-+A1YivoVDNNVCdfozHSR8v/jyuuLTMXwjWuxPFlFlUapXoGc+Gj9mDlTDDfrwl7rXCl2tNZ0kE8sIBO6YOn96Q==",
            "dependencies": {
                "colorspace": "1.1.x",
                "enabled": "2.0.x",
                "kuler": "^2.0.0"
            }
        },
        "node_modules/@types/cls-hooked": {
            "version": "4.3.3",
            "resolved": "https://registry.npmjs.org/@types/cls-hooked/-/cls-hooked-4.3.3.tgz",
            "integrity": "sha512-gNstDTb/ty5h6gJd6YpSPgsLX9LmRpaKJqGFp7MRlYxhwp4vXXKlJ9+bt1TZ9KbVNXE+Mbxy2AYXcpY21DDtJw==",
            "dependencies": {
                "@types/node": "*"
            }
        },
        "node_modules/@types/node": {
            "version": "14.11.10",
            "resolved": "https://registry.npmjs.org/@types/node/-/node-14.11.10.tgz",
            "integrity": "sha512-yV1nWZPlMFpoXyoknm4S56y2nlTAuFYaJuQtYRAOU7xA/FJ9RY0Xm7QOkaYMMmr8ESdHIuUb6oQgR/0+2NqlyA=="
        },
        "node_modules/@weaverkit/utils": {
            "version": "0.0.13",
            "resolved": "https://registry.npmjs.org/@weaverkit/utils/-/utils-0.0.13.tgz",
            "integrity": "sha512-53URcpGnD7OJU4AxL4P6n28B/XVPUibxdDuifF20D/JTYto0oRB+OnviagcVM3ezidd7R8R7In9si0jbVz4fzA==",
            "dependencies": {
                "shortid": "^2.2.15",
                "uuid": "^8.3.1"
            }
        },
        "node_modules/async": {
            "version": "3.2.4",
            "resolved": "https://registry.npmjs.org/async/-/async-3.2.4.tgz",
            "integrity": "sha512-iAB+JbDEGXhyIUavoDl9WP/Jj106Kz9DEn1DPgYw5ruDn0e3Wgi3sKFm55sASdGBNOQB8F59d9qQ7deqrHA8wQ=="
        },
        "node_modules/async-hook-jl": {
            "version": "1.7.6",
            "resolved": "https://registry.npmjs.org/async-hook-jl/-/async-hook-jl-1.7.6.tgz",
            "integrity": "sha512-gFaHkFfSxTjvoxDMYqDuGHlcRyUuamF8s+ZTtJdDzqjws4mCt7v0vuV79/E2Wr2/riMQgtG4/yUtXWs1gZ7JMg==",
            "dependencies": {
                "stack-chain": "^1.3.7"
            },
            "engines": {
                "node": "^4.7 || >=6.9 || >=7.3"
            }
        },
        "node_modules/cls-hooked": {
            "version": "4.2.2",
            "resolved": "https://registry.npmjs.org/cls-hooked/-/cls-hooked-4.2.2.tgz",
            "integrity": "sha512-J4Xj5f5wq/4jAvcdgoGsL3G103BtWpZrMo8NEinRltN+xpTZdI+M38pyQqhuFU/P792xkMFvnKSf+Lm81U1bxw==",
            "dependencies": {
                "async-hook-jl": "^1.7.6",
                "emitter-listener": "^1.0.1",
                "semver": "^5.4.1"
            },
            "engines": {
                "node": "^4.7 || >=6.9 || >=7.3 || >=8.2.1"
            }
        },
        "node_modules/color": {
            "version": "3.0.0",
            "resolved": "https://registry.npmjs.org/color/-/color-3.0.0.tgz",
            "integrity": "sha512-jCpd5+s0s0t7p3pHQKpnJ0TpQKKdleP71LWcA0aqiljpiuAkOSUFN/dyH8ZwF0hRmFlrIuRhufds1QyEP9EB+w==",
            "dependencies": {
                "color-convert": "^1.9.1",
                "color-string": "^1.5.2"
            }
        },
        "node_modules/color-convert": {
            "version": "1.9.3",
            "resolved": "https://registry.npmjs.org/color-convert/-/color-convert-1.9.3.tgz",
            "integrity": "sha512-QfAUtd+vFdAtFQcC8CCyYt1fYWxSqAiK2cSD6zDB8N3cpsEBAvRxp9zOGg6G/SHHJYAT88/az/IuDGALsNVbGg==",
            "dependencies": {
                "color-name": "1.1.3"
            }
        },
        "node_modules/color-name": {
            "version": "1.1.3",
            "resolved": "https://registry.npmjs.org/color-name/-/color-name-1.1.3.tgz",
            "integrity": "sha1-p9BVi9icQveV3UIyj3QIMcpTvCU="
        },
        "node_modules/color-string": {
            "version": "1.5.4",
            "resolved": "https://registry.npmjs.org/color-string/-/color-string-1.5.4.tgz",
            "integrity": "sha512-57yF5yt8Xa3czSEW1jfQDE79Idk0+AkN/4KWad6tbdxUmAs3MvjxlWSWD4deYytcRfoZ9nhKyFl1kj5tBvidbw==",
            "dependencies": {
                "color-name": "^1.0.0",
                "simple-swizzle": "^0.2.2"
            }
        },
        "node_modules/colorspace": {
            "version": "1.1.2",
            "resolved": "https://registry.npmjs.org/colorspace/-/colorspace-1.1.2.tgz",
            "integrity": "sha512-vt+OoIP2d76xLhjwbBaucYlNSpPsrJWPlBTtwCpQKIu6/CSMutyzX93O/Do0qzpH3YoHEes8YEFXyZ797rEhzQ==",
            "dependencies": {
                "color": "3.0.x",
                "text-hex": "1.0.x"
            }
        },
        "node_modules/emitter-listener": {
            "version": "1.1.2",
            "resolved": "https://registry.npmjs.org/emitter-listener/-/emitter-listener-1.1.2.tgz",
            "integrity": "sha512-Bt1sBAGFHY9DKY+4/2cV6izcKJUf5T7/gkdmkxzX/qv9CcGH8xSwVRW5mtX03SWJtRTWSOpzCuWN9rBFYZepZQ==",
            "dependencies": {
                "shimmer": "^1.2.0"
            }
        },
        "node_modules/enabled": {
            "version": "2.0.0",
            "resolved": "https://registry.npmjs.org/enabled/-/enabled-2.0.0.tgz",
            "integrity": "sha512-AKrN98kuwOzMIdAizXGI86UFBoo26CL21UM763y1h/GMSJ4/OHU9k2YlsmBpyScFo/wbLzWQJBMCW4+IO3/+OQ=="
        },
        "node_modules/fecha": {
            "version": "4.2.3",
            "resolved": "https://registry.npmjs.org/fecha/-/fecha-4.2.3.tgz",
            "integrity": "sha512-OP2IUU6HeYKJi3i0z4A19kHMQoLVs4Hc+DPqqxI2h/DPZHTm/vjsfC6P0b4jCMy14XizLBqvndQ+UilD7707Jw=="
        },
        "node_modules/file-stream-rotator": {
            "version": "0.6.1",
            "resolved": "https://registry.npmjs.org/file-stream-rotator/-/file-stream-rotator-0.6.1.tgz",
            "integrity": "sha512-u+dBid4PvZw17PmDeRcNOtCP9CCK/9lRN2w+r1xIS7yOL9JFrIBKTvrYsxT4P0pGtThYTn++QS5ChHaUov3+zQ==",
            "dependencies": {
                "moment": "^2.29.1"
            }
        },
        "node_modules/fn.name": {
            "version": "1.1.0",
            "resolved": "https://registry.npmjs.org/fn.name/-/fn.name-1.1.0.tgz",
            "integrity": "sha512-GRnmB5gPyJpAhTQdSZTSp9uaPSvl09KoYcMQtsB9rQoOmzs9dH6ffeccH+Z+cv6P68Hu5bC6JjRh4Ah/mHSNRw=="
        },
        "node_modules/inherits": {
            "version": "2.0.4",
            "resolved": "https://registry.npmjs.org/inherits/-/inherits-2.0.4.tgz",
            "integrity": "sha512-k/vGaX4/Yla3WzyMCvTQOXYeIHvqOKtnqBduzTHpzpQZzAskKMhZ2K+EnBiSM9zGSoIFeMpXKxa4dYeZIQqewQ=="
        },
        "node_modules/is-arrayish": {
            "version": "0.3.2",
            "resolved": "https://registry.npmjs.org/is-arrayish/-/is-arrayish-0.3.2.tgz",
            "integrity": "sha512-eVRqCvVlZbuw3GrM63ovNSNAeA1K16kaR/LRY/92w0zxQ5/1YzwblUX652i4Xs9RwAGjW9d9y6X88t8OaAJfWQ=="
        },
        "node_modules/kuler": {
            "version": "2.0.0",
            "resolved": "https://registry.npmjs.org/kuler/-/kuler-2.0.0.tgz",
            "integrity": "sha512-Xq9nH7KlWZmXAtodXDDRE7vs6DU1gTU8zYDHDiWLSip45Egwq3plLHzPn27NgvzL2r1LMPC1vdqh98sQxtqj4A=="
        },
        "node_modules/logform": {
            "version": "2.4.2",
            "resolved": "https://registry.npmjs.org/logform/-/logform-2.4.2.tgz",
            "integrity": "sha512-W4c9himeAwXEdZ05dQNerhFz2XG80P9Oj0loPUMV23VC2it0orMHQhJm4hdnnor3rd1HsGf6a2lPwBM1zeXHGw==",
            "dependencies": {
                "@colors/colors": "1.5.0",
                "fecha": "^4.2.0",
                "ms": "^2.1.1",
                "safe-stable-stringify": "^2.3.1",
                "triple-beam": "^1.3.0"
            }
        },
        "node_modules/moment": {
            "version": "2.29.4",
            "resolved": "https://registry.npmjs.org/moment/-/moment-2.29.4.tgz",
            "integrity": "sha512-5LC9SOxjSc2HF6vO2CyuTDNivEdoz2IvyJJGj6X8DJ0eFyfszE0QiEd+iXmBvUP3WHxSjFH/vIsA0EN00cgr8w==",
            "engines": {
                "node": "*"
            }
        },
        "node_modules/ms": {
            "version": "2.1.2",
            "resolved": "https://registry.npmjs.org/ms/-/ms-2.1.2.tgz",
            "integrity": "sha512-sGkPx+VjMtmA6MX27oA4FBFELFCZZ4S4XqeGOXCv68tT+jb3vk/RyaKWP0PTKyWtmLSM0b+adUTEvbs1PEaH2w=="
        },
        "node_modules/nanoid": {
            "version": "2.1.11",
            "resolved": "https://registry.npmjs.org/nanoid/-/nanoid-2.1.11.tgz",
            "integrity": "sha512-s/snB+WGm6uwi0WjsZdaVcuf3KJXlfGl2LcxgwkEwJF0D/BWzVWAZW/XY4bFaiR7s0Jk3FPvlnepg1H1b1UwlA=="
        },
        "node_modules/object-hash": {
            "version": "2.0.3",
            "resolved": "https://registry.npmjs.org/object-hash/-/object-hash-2.0.3.tgz",
            "integrity": "sha512-JPKn0GMu+Fa3zt3Bmr66JhokJU5BaNBIh4ZeTlaCBzrBsOeXzwcKKAK1tbLiPKgvwmPXsDvvLHoWh5Bm7ofIYg==",
            "engines": {
                "node": ">= 6"
            }
        },
        "node_modules/one-time": {
            "version": "1.0.0",
            "resolved": "https://registry.npmjs.org/one-time/-/one-time-1.0.0.tgz",
            "integrity": "sha512-5DXOiRKwuSEcQ/l0kGCF6Q3jcADFv5tSmRaJck/OqkVFcOzutB134KRSfF0xDrL39MNnqxbHBbUUcjZIhTgb2g==",
            "dependencies": {
                "fn.name": "1.x.x"
            }
        },
        "node_modules/readable-stream": {
            "version": "3.6.0",
            "resolved": "https://registry.npmjs.org/readable-stream/-/readable-stream-3.6.0.tgz",
            "integrity": "sha512-BViHy7LKeTz4oNnkcLJ+lVSL6vpiFeX6/d3oSH8zCW7UxP2onchk+vTGB143xuFjHS3deTgkKoXXymXqymiIdA==",
            "dependencies": {
                "inherits": "^2.0.3",
                "string_decoder": "^1.1.1",
                "util-deprecate": "^1.0.1"
            },
            "engines": {
                "node": ">= 6"
            }
        },
        "node_modules/safe-buffer": {
            "version": "5.2.1",
            "resolved": "https://registry.npmjs.org/safe-buffer/-/safe-buffer-5.2.1.tgz",
            "integrity": "sha512-rp3So07KcdmmKbGvgaNxQSJr7bGVSVk5S9Eq1F+ppbRo70+YeaDxkw5Dd8NPN+GD6bjnYm2VuPuCXmpuYvmCXQ==",
            "funding": [
                {
                    "type": "github",
                    "url": "https://github.com/sponsors/feross"
                },
                {
                    "type": "patreon",
                    "url": "https://www.patreon.com/feross"
                },
                {
                    "type": "consulting",
                    "url": "https://feross.org/support"
                }
            ]
        },
        "node_modules/safe-stable-stringify": {
            "version": "2.3.1",
            "resolved": "https://registry.npmjs.org/safe-stable-stringify/-/safe-stable-stringify-2.3.1.tgz",
            "integrity": "sha512-kYBSfT+troD9cDA85VDnHZ1rpHC50O0g1e6WlGHVCz/g+JS+9WKLj+XwFYyR8UbrZN8ll9HUpDAAddY58MGisg==",
            "engines": {
                "node": ">=10"
            }
        },
        "node_modules/semver": {
            "version": "5.7.1",
            "resolved": "https://registry.npmjs.org/semver/-/semver-5.7.1.tgz",
            "integrity": "sha512-sauaDf/PZdVgrLTNYHRtpXa1iRiKcaebiKQ1BJdpQlWH2lCvexQdX55snPFyK7QzpudqbCI0qXFfOasHdyNDGQ==",
            "bin": {
                "semver": "bin/semver"
            }
        },
        "node_modules/shimmer": {
            "version": "1.2.1",
            "resolved": "https://registry.npmjs.org/shimmer/-/shimmer-1.2.1.tgz",
            "integrity": "sha512-sQTKC1Re/rM6XyFM6fIAGHRPVGvyXfgzIDvzoq608vM+jeyVD0Tu1E6Np0Kc2zAIFWIj963V2800iF/9LPieQw=="
        },
        "node_modules/shortid": {
            "version": "2.2.15",
            "resolved": "https://registry.npmjs.org/shortid/-/shortid-2.2.15.tgz",
            "integrity": "sha512-5EaCy2mx2Jgc/Fdn9uuDuNIIfWBpzY4XIlhoqtXF6qsf+/+SGZ+FxDdX/ZsMZiWupIWNqAEmiNY4RC+LSmCeOw==",
            "dependencies": {
                "nanoid": "^2.1.0"
            }
        },
        "node_modules/simple-swizzle": {
            "version": "0.2.2",
            "resolved": "https://registry.npmjs.org/simple-swizzle/-/simple-swizzle-0.2.2.tgz",
            "integrity": "sha1-pNprY1/8zMoz9w0Xy5JZLeleVXo=",
            "dependencies": {
                "is-arrayish": "^0.3.1"
            }
        },
        "node_modules/stack-chain": {
            "version": "1.3.7",
            "resolved": "https://registry.npmjs.org/stack-chain/-/stack-chain-1.3.7.tgz",
            "integrity": "sha1-0ZLJ/06moiyUxN1FkXHj8AzqEoU="
        },
        "node_modules/stack-trace": {
            "version": "0.0.10",
            "resolved": "https://registry.npmjs.org/stack-trace/-/stack-trace-0.0.10.tgz",
            "integrity": "sha1-VHxws0fo0ytOEI6hoqFZ5f3eGcA=",
            "engines": {
                "node": "*"
            }
        },
        "node_modules/string_decoder": {
            "version": "1.3.0",
            "resolved": "https://registry.npmjs.org/string_decoder/-/string_decoder-1.3.0.tgz",
            "integrity": "sha512-hkRX8U1WjJFd8LsDJ2yQ/wWWxaopEsABU1XfkM8A+j0+85JAGppt16cr1Whg6KIbb4okU6Mql6BOj+uup/wKeA==",
            "dependencies": {
                "safe-buffer": "~5.2.0"
            }
        },
        "node_modules/text-hex": {
            "version": "1.0.0",
            "resolved": "https://registry.npmjs.org/text-hex/-/text-hex-1.0.0.tgz",
            "integrity": "sha512-uuVGNWzgJ4yhRaNSiubPY7OjISw4sw4E5Uv0wbjp+OzcbmVU/rsT8ujgcXJhn9ypzsgr5vlzpPqP+MBBKcGvbg=="
        },
        "node_modules/triple-beam": {
            "version": "1.3.0",
            "resolved": "https://registry.npmjs.org/triple-beam/-/triple-beam-1.3.0.tgz",
            "integrity": "sha512-XrHUvV5HpdLmIj4uVMxHggLbFSZYIn7HEWsqePZcI50pco+MPqJ50wMGY794X7AOOhxOBAjbkqfAbEe/QMp2Lw=="
        },
        "node_modules/typescript": {
            "version": "4.7.2",
            "resolved": "https://registry.npmjs.org/typescript/-/typescript-4.7.2.tgz",
            "integrity": "sha512-Mamb1iX2FDUpcTRzltPxgWMKy3fhg0TN378ylbktPGPK/99KbDtMQ4W1hwgsbPAsG3a0xKa1vmw4VKZQbkvz5A==",
            "dev": true,
            "bin": {
                "tsc": "bin/tsc",
                "tsserver": "bin/tsserver"
            },
            "engines": {
                "node": ">=4.2.0"
            }
        },
        "node_modules/util-deprecate": {
            "version": "1.0.2",
            "resolved": "https://registry.npmjs.org/util-deprecate/-/util-deprecate-1.0.2.tgz",
            "integrity": "sha1-RQ1Nyfpw3nMnYvvS1KKJgUGaDM8="
        },
        "node_modules/uuid": {
            "version": "8.3.2",
            "resolved": "https://registry.npmjs.org/uuid/-/uuid-8.3.2.tgz",
            "integrity": "sha512-+NYs2QeMWy+GWFOEm9xnn6HCDp0l7QBD7ml8zLUmJ+93Q5NF0NocErnwkTkXVFNiX3/fpC6afS8Dhb/gz7R7eg==",
            "bin": {
                "uuid": "dist/bin/uuid"
            }
        },
        "node_modules/winston": {
            "version": "3.8.1",
            "resolved": "https://registry.npmjs.org/winston/-/winston-3.8.1.tgz",
            "integrity": "sha512-r+6YAiCR4uI3N8eQNOg8k3P3PqwAm20cLKlzVD9E66Ch39+LZC+VH1UKf9JemQj2B3QoUHfKD7Poewn0Pr3Y1w==",
            "dependencies": {
                "@dabh/diagnostics": "^2.0.2",
                "async": "^3.2.3",
                "is-stream": "^2.0.0",
                "logform": "^2.4.0",
                "one-time": "^1.0.0",
                "readable-stream": "^3.4.0",
                "safe-stable-stringify": "^2.3.1",
                "stack-trace": "0.0.x",
                "triple-beam": "^1.3.0",
                "winston-transport": "^4.5.0"
            },
            "engines": {
                "node": ">= 12.0.0"
            }
        },
        "node_modules/winston-daily-rotate-file": {
            "version": "4.7.1",
            "resolved": "https://registry.npmjs.org/winston-daily-rotate-file/-/winston-daily-rotate-file-4.7.1.tgz",
            "integrity": "sha512-7LGPiYGBPNyGHLn9z33i96zx/bd71pjBn9tqQzO3I4Tayv94WPmBNwKC7CO1wPHdP9uvu+Md/1nr6VSH9h0iaA==",
            "dependencies": {
                "file-stream-rotator": "^0.6.1",
                "object-hash": "^2.0.1",
                "triple-beam": "^1.3.0",
                "winston-transport": "^4.4.0"
            },
            "engines": {
                "node": ">=8"
            },
            "peerDependencies": {
                "winston": "^3"
            }
        },
        "node_modules/winston-transport": {
            "version": "4.5.0",
            "resolved": "https://registry.npmjs.org/winston-transport/-/winston-transport-4.5.0.tgz",
            "integrity": "sha512-YpZzcUzBedhlTAfJg6vJDlyEai/IFMIVcaEZZyl3UXIl4gmqRpU7AE89AHLkbzLUsv0NVmw7ts+iztqKxxPW1Q==",
            "dependencies": {
                "logform": "^2.3.2",
                "readable-stream": "^3.6.0",
                "triple-beam": "^1.3.0"
            },
            "engines": {
                "node": ">= 6.4.0"
            }
        },
        "node_modules/winston/node_modules/is-stream": {
            "version": "2.0.0",
            "resolved": "https://registry.npmjs.org/is-stream/-/is-stream-2.0.0.tgz",
            "integrity": "sha512-XCoy+WlUr7d1+Z8GgSuXmpuUFC9fOhRXglJMx+dwLKTkL44Cjd4W1Z5P+BQZpr+cR93aGP4S/s7Ftw6Nd/kiEw==",
            "engines": {
                "node": ">=8"
            }
        }
    },
    "dependencies": {
        "@colors/colors": {
            "version": "1.5.0",
            "resolved": "https://registry.npmjs.org/@colors/colors/-/colors-1.5.0.tgz",
            "integrity": "sha512-ooWCrlZP11i8GImSjTHYHLkvFDP48nS4+204nGb1RiX/WXYHmJA2III9/e2DWVabCESdW7hBAEzHRqUn9OUVvQ=="
        },
        "@dabh/diagnostics": {
            "version": "2.0.2",
            "resolved": "https://registry.npmjs.org/@dabh/diagnostics/-/diagnostics-2.0.2.tgz",
            "integrity": "sha512-+A1YivoVDNNVCdfozHSR8v/jyuuLTMXwjWuxPFlFlUapXoGc+Gj9mDlTDDfrwl7rXCl2tNZ0kE8sIBO6YOn96Q==",
            "requires": {
                "colorspace": "1.1.x",
                "enabled": "2.0.x",
                "kuler": "^2.0.0"
            }
        },
        "@types/cls-hooked": {
            "version": "4.3.3",
            "resolved": "https://registry.npmjs.org/@types/cls-hooked/-/cls-hooked-4.3.3.tgz",
            "integrity": "sha512-gNstDTb/ty5h6gJd6YpSPgsLX9LmRpaKJqGFp7MRlYxhwp4vXXKlJ9+bt1TZ9KbVNXE+Mbxy2AYXcpY21DDtJw==",
            "requires": {
                "@types/node": "*"
            }
        },
        "@types/node": {
            "version": "14.11.10",
            "resolved": "https://registry.npmjs.org/@types/node/-/node-14.11.10.tgz",
            "integrity": "sha512-yV1nWZPlMFpoXyoknm4S56y2nlTAuFYaJuQtYRAOU7xA/FJ9RY0Xm7QOkaYMMmr8ESdHIuUb6oQgR/0+2NqlyA=="
        },
        "@weaverkit/utils": {
            "version": "0.0.13",
            "resolved": "https://registry.npmjs.org/@weaverkit/utils/-/utils-0.0.13.tgz",
            "integrity": "sha512-53URcpGnD7OJU4AxL4P6n28B/XVPUibxdDuifF20D/JTYto0oRB+OnviagcVM3ezidd7R8R7In9si0jbVz4fzA==",
            "requires": {
                "shortid": "^2.2.15",
                "uuid": "^8.3.1"
            }
        },
        "async": {
            "version": "3.2.4",
            "resolved": "https://registry.npmjs.org/async/-/async-3.2.4.tgz",
            "integrity": "sha512-iAB+JbDEGXhyIUavoDl9WP/Jj106Kz9DEn1DPgYw5ruDn0e3Wgi3sKFm55sASdGBNOQB8F59d9qQ7deqrHA8wQ=="
        },
        "async-hook-jl": {
            "version": "1.7.6",
            "resolved": "https://registry.npmjs.org/async-hook-jl/-/async-hook-jl-1.7.6.tgz",
            "integrity": "sha512-gFaHkFfSxTjvoxDMYqDuGHlcRyUuamF8s+ZTtJdDzqjws4mCt7v0vuV79/E2Wr2/riMQgtG4/yUtXWs1gZ7JMg==",
            "requires": {
                "stack-chain": "^1.3.7"
            }
        },
        "cls-hooked": {
            "version": "4.2.2",
            "resolved": "https://registry.npmjs.org/cls-hooked/-/cls-hooked-4.2.2.tgz",
            "integrity": "sha512-J4Xj5f5wq/4jAvcdgoGsL3G103BtWpZrMo8NEinRltN+xpTZdI+M38pyQqhuFU/P792xkMFvnKSf+Lm81U1bxw==",
            "requires": {
                "async-hook-jl": "^1.7.6",
                "emitter-listener": "^1.0.1",
                "semver": "^5.4.1"
            }
        },
        "color": {
            "version": "3.0.0",
            "resolved": "https://registry.npmjs.org/color/-/color-3.0.0.tgz",
            "integrity": "sha512-jCpd5+s0s0t7p3pHQKpnJ0TpQKKdleP71LWcA0aqiljpiuAkOSUFN/dyH8ZwF0hRmFlrIuRhufds1QyEP9EB+w==",
            "requires": {
                "color-convert": "^1.9.1",
                "color-string": "^1.5.2"
            }
        },
        "color-convert": {
            "version": "1.9.3",
            "resolved": "https://registry.npmjs.org/color-convert/-/color-convert-1.9.3.tgz",
            "integrity": "sha512-QfAUtd+vFdAtFQcC8CCyYt1fYWxSqAiK2cSD6zDB8N3cpsEBAvRxp9zOGg6G/SHHJYAT88/az/IuDGALsNVbGg==",
            "requires": {
                "color-name": "1.1.3"
            }
        },
        "color-name": {
            "version": "1.1.3",
            "resolved": "https://registry.npmjs.org/color-name/-/color-name-1.1.3.tgz",
            "integrity": "sha1-p9BVi9icQveV3UIyj3QIMcpTvCU="
        },
        "color-string": {
            "version": "1.5.4",
            "resolved": "https://registry.npmjs.org/color-string/-/color-string-1.5.4.tgz",
            "integrity": "sha512-57yF5yt8Xa3czSEW1jfQDE79Idk0+AkN/4KWad6tbdxUmAs3MvjxlWSWD4deYytcRfoZ9nhKyFl1kj5tBvidbw==",
            "requires": {
                "color-name": "^1.0.0",
                "simple-swizzle": "^0.2.2"
            }
        },
        "colorspace": {
            "version": "1.1.2",
            "resolved": "https://registry.npmjs.org/colorspace/-/colorspace-1.1.2.tgz",
            "integrity": "sha512-vt+OoIP2d76xLhjwbBaucYlNSpPsrJWPlBTtwCpQKIu6/CSMutyzX93O/Do0qzpH3YoHEes8YEFXyZ797rEhzQ==",
            "requires": {
                "color": "3.0.x",
                "text-hex": "1.0.x"
            }
        },
        "emitter-listener": {
            "version": "1.1.2",
            "resolved": "https://registry.npmjs.org/emitter-listener/-/emitter-listener-1.1.2.tgz",
            "integrity": "sha512-Bt1sBAGFHY9DKY+4/2cV6izcKJUf5T7/gkdmkxzX/qv9CcGH8xSwVRW5mtX03SWJtRTWSOpzCuWN9rBFYZepZQ==",
            "requires": {
                "shimmer": "^1.2.0"
            }
        },
        "enabled": {
            "version": "2.0.0",
            "resolved": "https://registry.npmjs.org/enabled/-/enabled-2.0.0.tgz",
            "integrity": "sha512-AKrN98kuwOzMIdAizXGI86UFBoo26CL21UM763y1h/GMSJ4/OHU9k2YlsmBpyScFo/wbLzWQJBMCW4+IO3/+OQ=="
        },
        "fecha": {
            "version": "4.2.3",
            "resolved": "https://registry.npmjs.org/fecha/-/fecha-4.2.3.tgz",
            "integrity": "sha512-OP2IUU6HeYKJi3i0z4A19kHMQoLVs4Hc+DPqqxI2h/DPZHTm/vjsfC6P0b4jCMy14XizLBqvndQ+UilD7707Jw=="
        },
        "file-stream-rotator": {
            "version": "0.6.1",
            "resolved": "https://registry.npmjs.org/file-stream-rotator/-/file-stream-rotator-0.6.1.tgz",
            "integrity": "sha512-u+dBid4PvZw17PmDeRcNOtCP9CCK/9lRN2w+r1xIS7yOL9JFrIBKTvrYsxT4P0pGtThYTn++QS5ChHaUov3+zQ==",
            "requires": {
                "moment": "^2.29.1"
            }
        },
        "fn.name": {
            "version": "1.1.0",
            "resolved": "https://registry.npmjs.org/fn.name/-/fn.name-1.1.0.tgz",
            "integrity": "sha512-GRnmB5gPyJpAhTQdSZTSp9uaPSvl09KoYcMQtsB9rQoOmzs9dH6ffeccH+Z+cv6P68Hu5bC6JjRh4Ah/mHSNRw=="
        },
        "inherits": {
            "version": "2.0.4",
            "resolved": "https://registry.npmjs.org/inherits/-/inherits-2.0.4.tgz",
            "integrity": "sha512-k/vGaX4/Yla3WzyMCvTQOXYeIHvqOKtnqBduzTHpzpQZzAskKMhZ2K+EnBiSM9zGSoIFeMpXKxa4dYeZIQqewQ=="
        },
        "is-arrayish": {
            "version": "0.3.2",
            "resolved": "https://registry.npmjs.org/is-arrayish/-/is-arrayish-0.3.2.tgz",
            "integrity": "sha512-eVRqCvVlZbuw3GrM63ovNSNAeA1K16kaR/LRY/92w0zxQ5/1YzwblUX652i4Xs9RwAGjW9d9y6X88t8OaAJfWQ=="
        },
        "kuler": {
            "version": "2.0.0",
            "resolved": "https://registry.npmjs.org/kuler/-/kuler-2.0.0.tgz",
            "integrity": "sha512-Xq9nH7KlWZmXAtodXDDRE7vs6DU1gTU8zYDHDiWLSip45Egwq3plLHzPn27NgvzL2r1LMPC1vdqh98sQxtqj4A=="
        },
        "logform": {
            "version": "2.4.2",
            "resolved": "https://registry.npmjs.org/logform/-/logform-2.4.2.tgz",
            "integrity": "sha512-W4c9himeAwXEdZ05dQNerhFz2XG80P9Oj0loPUMV23VC2it0orMHQhJm4hdnnor3rd1HsGf6a2lPwBM1zeXHGw==",
            "requires": {
                "@colors/colors": "1.5.0",
                "fecha": "^4.2.0",
                "ms": "^2.1.1",
                "safe-stable-stringify": "^2.3.1",
                "triple-beam": "^1.3.0"
            }
        },
        "moment": {
            "version": "2.29.4",
            "resolved": "https://registry.npmjs.org/moment/-/moment-2.29.4.tgz",
            "integrity": "sha512-5LC9SOxjSc2HF6vO2CyuTDNivEdoz2IvyJJGj6X8DJ0eFyfszE0QiEd+iXmBvUP3WHxSjFH/vIsA0EN00cgr8w=="
        },
        "ms": {
            "version": "2.1.2",
            "resolved": "https://registry.npmjs.org/ms/-/ms-2.1.2.tgz",
            "integrity": "sha512-sGkPx+VjMtmA6MX27oA4FBFELFCZZ4S4XqeGOXCv68tT+jb3vk/RyaKWP0PTKyWtmLSM0b+adUTEvbs1PEaH2w=="
        },
        "nanoid": {
            "version": "2.1.11",
            "resolved": "https://registry.npmjs.org/nanoid/-/nanoid-2.1.11.tgz",
            "integrity": "sha512-s/snB+WGm6uwi0WjsZdaVcuf3KJXlfGl2LcxgwkEwJF0D/BWzVWAZW/XY4bFaiR7s0Jk3FPvlnepg1H1b1UwlA=="
        },
        "object-hash": {
            "version": "2.0.3",
            "resolved": "https://registry.npmjs.org/object-hash/-/object-hash-2.0.3.tgz",
            "integrity": "sha512-JPKn0GMu+Fa3zt3Bmr66JhokJU5BaNBIh4ZeTlaCBzrBsOeXzwcKKAK1tbLiPKgvwmPXsDvvLHoWh5Bm7ofIYg=="
        },
        "one-time": {
            "version": "1.0.0",
            "resolved": "https://registry.npmjs.org/one-time/-/one-time-1.0.0.tgz",
            "integrity": "sha512-5DXOiRKwuSEcQ/l0kGCF6Q3jcADFv5tSmRaJck/OqkVFcOzutB134KRSfF0xDrL39MNnqxbHBbUUcjZIhTgb2g==",
            "requires": {
                "fn.name": "1.x.x"
            }
        },
        "readable-stream": {
            "version": "3.6.0",
            "resolved": "https://registry.npmjs.org/readable-stream/-/readable-stream-3.6.0.tgz",
            "integrity": "sha512-BViHy7LKeTz4oNnkcLJ+lVSL6vpiFeX6/d3oSH8zCW7UxP2onchk+vTGB143xuFjHS3deTgkKoXXymXqymiIdA==",
            "requires": {
                "inherits": "^2.0.3",
                "string_decoder": "^1.1.1",
                "util-deprecate": "^1.0.1"
            }
        },
        "safe-buffer": {
            "version": "5.2.1",
            "resolved": "https://registry.npmjs.org/safe-buffer/-/safe-buffer-5.2.1.tgz",
            "integrity": "sha512-rp3So07KcdmmKbGvgaNxQSJr7bGVSVk5S9Eq1F+ppbRo70+YeaDxkw5Dd8NPN+GD6bjnYm2VuPuCXmpuYvmCXQ=="
        },
        "safe-stable-stringify": {
            "version": "2.3.1",
            "resolved": "https://registry.npmjs.org/safe-stable-stringify/-/safe-stable-stringify-2.3.1.tgz",
            "integrity": "sha512-kYBSfT+troD9cDA85VDnHZ1rpHC50O0g1e6WlGHVCz/g+JS+9WKLj+XwFYyR8UbrZN8ll9HUpDAAddY58MGisg=="
        },
        "semver": {
            "version": "5.7.1",
            "resolved": "https://registry.npmjs.org/semver/-/semver-5.7.1.tgz",
            "integrity": "sha512-sauaDf/PZdVgrLTNYHRtpXa1iRiKcaebiKQ1BJdpQlWH2lCvexQdX55snPFyK7QzpudqbCI0qXFfOasHdyNDGQ=="
        },
        "shimmer": {
            "version": "1.2.1",
            "resolved": "https://registry.npmjs.org/shimmer/-/shimmer-1.2.1.tgz",
            "integrity": "sha512-sQTKC1Re/rM6XyFM6fIAGHRPVGvyXfgzIDvzoq608vM+jeyVD0Tu1E6Np0Kc2zAIFWIj963V2800iF/9LPieQw=="
        },
        "shortid": {
            "version": "2.2.15",
            "resolved": "https://registry.npmjs.org/shortid/-/shortid-2.2.15.tgz",
            "integrity": "sha512-5EaCy2mx2Jgc/Fdn9uuDuNIIfWBpzY4XIlhoqtXF6qsf+/+SGZ+FxDdX/ZsMZiWupIWNqAEmiNY4RC+LSmCeOw==",
            "requires": {
                "nanoid": "^2.1.0"
            }
        },
        "simple-swizzle": {
            "version": "0.2.2",
            "resolved": "https://registry.npmjs.org/simple-swizzle/-/simple-swizzle-0.2.2.tgz",
            "integrity": "sha1-pNprY1/8zMoz9w0Xy5JZLeleVXo=",
            "requires": {
                "is-arrayish": "^0.3.1"
            }
        },
        "stack-chain": {
            "version": "1.3.7",
            "resolved": "https://registry.npmjs.org/stack-chain/-/stack-chain-1.3.7.tgz",
            "integrity": "sha1-0ZLJ/06moiyUxN1FkXHj8AzqEoU="
        },
        "stack-trace": {
            "version": "0.0.10",
            "resolved": "https://registry.npmjs.org/stack-trace/-/stack-trace-0.0.10.tgz",
            "integrity": "sha1-VHxws0fo0ytOEI6hoqFZ5f3eGcA="
        },
        "string_decoder": {
            "version": "1.3.0",
            "resolved": "https://registry.npmjs.org/string_decoder/-/string_decoder-1.3.0.tgz",
            "integrity": "sha512-hkRX8U1WjJFd8LsDJ2yQ/wWWxaopEsABU1XfkM8A+j0+85JAGppt16cr1Whg6KIbb4okU6Mql6BOj+uup/wKeA==",
            "requires": {
                "safe-buffer": "~5.2.0"
            }
        },
        "text-hex": {
            "version": "1.0.0",
            "resolved": "https://registry.npmjs.org/text-hex/-/text-hex-1.0.0.tgz",
            "integrity": "sha512-uuVGNWzgJ4yhRaNSiubPY7OjISw4sw4E5Uv0wbjp+OzcbmVU/rsT8ujgcXJhn9ypzsgr5vlzpPqP+MBBKcGvbg=="
        },
        "triple-beam": {
            "version": "1.3.0",
            "resolved": "https://registry.npmjs.org/triple-beam/-/triple-beam-1.3.0.tgz",
            "integrity": "sha512-XrHUvV5HpdLmIj4uVMxHggLbFSZYIn7HEWsqePZcI50pco+MPqJ50wMGY794X7AOOhxOBAjbkqfAbEe/QMp2Lw=="
        },
        "typescript": {
            "version": "4.7.2",
            "resolved": "https://registry.npmjs.org/typescript/-/typescript-4.7.2.tgz",
            "integrity": "sha512-Mamb1iX2FDUpcTRzltPxgWMKy3fhg0TN378ylbktPGPK/99KbDtMQ4W1hwgsbPAsG3a0xKa1vmw4VKZQbkvz5A==",
            "dev": true
        },
        "util-deprecate": {
            "version": "1.0.2",
            "resolved": "https://registry.npmjs.org/util-deprecate/-/util-deprecate-1.0.2.tgz",
            "integrity": "sha1-RQ1Nyfpw3nMnYvvS1KKJgUGaDM8="
        },
        "uuid": {
            "version": "8.3.2",
            "resolved": "https://registry.npmjs.org/uuid/-/uuid-8.3.2.tgz",
            "integrity": "sha512-+NYs2QeMWy+GWFOEm9xnn6HCDp0l7QBD7ml8zLUmJ+93Q5NF0NocErnwkTkXVFNiX3/fpC6afS8Dhb/gz7R7eg=="
        },
        "winston": {
            "version": "3.8.1",
            "resolved": "https://registry.npmjs.org/winston/-/winston-3.8.1.tgz",
            "integrity": "sha512-r+6YAiCR4uI3N8eQNOg8k3P3PqwAm20cLKlzVD9E66Ch39+LZC+VH1UKf9JemQj2B3QoUHfKD7Poewn0Pr3Y1w==",
            "requires": {
                "@dabh/diagnostics": "^2.0.2",
                "async": "^3.2.3",
                "is-stream": "^2.0.0",
                "logform": "^2.4.0",
                "one-time": "^1.0.0",
                "readable-stream": "^3.4.0",
                "safe-stable-stringify": "^2.3.1",
                "stack-trace": "0.0.x",
                "triple-beam": "^1.3.0",
                "winston-transport": "^4.5.0"
            },
            "dependencies": {
                "is-stream": {
                    "version": "2.0.0",
                    "resolved": "https://registry.npmjs.org/is-stream/-/is-stream-2.0.0.tgz",
                    "integrity": "sha512-XCoy+WlUr7d1+Z8GgSuXmpuUFC9fOhRXglJMx+dwLKTkL44Cjd4W1Z5P+BQZpr+cR93aGP4S/s7Ftw6Nd/kiEw=="
                }
            }
        },
        "winston-daily-rotate-file": {
            "version": "4.7.1",
            "resolved": "https://registry.npmjs.org/winston-daily-rotate-file/-/winston-daily-rotate-file-4.7.1.tgz",
            "integrity": "sha512-7LGPiYGBPNyGHLn9z33i96zx/bd71pjBn9tqQzO3I4Tayv94WPmBNwKC7CO1wPHdP9uvu+Md/1nr6VSH9h0iaA==",
            "requires": {
                "file-stream-rotator": "^0.6.1",
                "object-hash": "^2.0.1",
                "triple-beam": "^1.3.0",
                "winston-transport": "^4.4.0"
            }
        },
        "winston-transport": {
            "version": "4.5.0",
            "resolved": "https://registry.npmjs.org/winston-transport/-/winston-transport-4.5.0.tgz",
            "integrity": "sha512-YpZzcUzBedhlTAfJg6vJDlyEai/IFMIVcaEZZyl3UXIl4gmqRpU7AE89AHLkbzLUsv0NVmw7ts+iztqKxxPW1Q==",
            "requires": {
                "logform": "^2.3.2",
                "readable-stream": "^3.6.0",
                "triple-beam": "^1.3.0"
            }
        }
    }
}
